
Microsoft Visual Studio Solution File, Format Version 12.00
# Visual Studio Version 17
VisualStudioVersion = 17.0.31903.59
MinimumVisualStudioVersion = 10.0.40219.1
Project("{2150E333-8FDC-42A3-9474-1A3956D46DE8}") = "src", "src", "{34E4A23A-01A8-473F-95EB-262B7852ADF9}"
EndProject
Project("{2150E333-8FDC-42A3-9474-1A3956D46DE8}") = "Shared", "Shared", "{390DE606-ED72-4A7F-A3D4-9FA92BCAE9D4}"
EndProject
Project("{FAE04EC0-301F-11D3-BF4B-00C04F79EFBC}") = "Project420.Shared.Core", "src\Shared\Project420.Shared.Core\Project420.Shared.Core.csproj", "{B9D7F4B3-7847-4E4E-B561-D8B54821405B}"
EndProject
Project("{FAE04EC0-301F-11D3-BF4B-00C04F79EFBC}") = "Project420.Shared.Infrastructure", "src\Shared\Project420.Shared.Infrastructure\Project420.Shared.Infrastructure.csproj", "{FBEE1E8E-1865-4AE7-84D9-8CC2AF8E663B}"
EndProject
Project("{FAE04EC0-301F-11D3-BF4B-00C04F79EFBC}") = "Project420.Shared.Database", "src\Shared\Project420.Shared.Database\Project420.Shared.Database.csproj", "{F8411529-0503-4DC8-BF43-1922DA64F070}"
EndProject
Project("{2150E333-8FDC-42A3-9474-1A3956D46DE8}") = "Modules", "Modules", "{D7869DFD-773E-4E84-8377-DDF7E5B4DD04}"
EndProject
Project("{2150E333-8FDC-42A3-9474-1A3956D46DE8}") = "Management", "Management", "{E9C90868-928F-4B9A-9CEF-6FBFB5A98D04}"
EndProject
Project("{FAE04EC0-301F-11D3-BF4B-00C04F79EFBC}") = "Project420.Management.Models", "src\Modules\Management\Project420.Management.Models\Project420.Management.Models.csproj", "{5A4295F3-CB12-4FD6-AD0B-28AE3003C810}"
EndProject
Project("{FAE04EC0-301F-11D3-BF4B-00C04F79EFBC}") = "Project420.Management.DAL", "src\Modules\Management\Project420.Management.DAL\Project420.Management.DAL.csproj", "{38882B21-F8C4-4871-B126-A9F9BD362FD8}"
EndProject
Project("{FAE04EC0-301F-11D3-BF4B-00C04F79EFBC}") = "Project420.Management.BLL", "src\Modules\Management\Project420.Management.BLL\Project420.Management.BLL.csproj", "{E10DC6C0-735C-49DF-932F-9662AC7DA984}"
EndProject
Project("{FAE04EC0-301F-11D3-BF4B-00C04F79EFBC}") = "Project420.Management.UI.Blazor", "src\Modules\Management\Project420.Management.UI.Blazor\Project420.Management.UI.Blazor.csproj", "{60963E2B-4AF8-420E-BA54-282B7F9EA4F1}"
EndProject
Project("{2150E333-8FDC-42A3-9474-1A3956D46DE8}") = "Retail", "Retail", "{015252E4-214E-4573-BE15-0BDB618E61ED}"
EndProject
Project("{2150E333-8FDC-42A3-9474-1A3956D46DE8}") = "POS", "POS", "{8DB46098-0C9A-46F1-8240-12429F63A1B5}"
EndProject
Project("{FAE04EC0-301F-11D3-BF4B-00C04F79EFBC}") = "Project420.Retail.POS.Models", "src\Modules\Retail\POS\Project420.Retail.POS.Models\Project420.Retail.POS.Models.csproj", "{33F17256-2D2D-4EC7-B448-5FC7C7B55926}"
EndProject
Project("{FAE04EC0-301F-11D3-BF4B-00C04F79EFBC}") = "Project420.Retail.POS.DAL", "src\Modules\Retail\POS\Project420.Retail.POS.DAL\Project420.Retail.POS.DAL.csproj", "{6DA6A6B5-8F71-40AC-93F0-BFD6C1E4F655}"
EndProject
Project("{FAE04EC0-301F-11D3-BF4B-00C04F79EFBC}") = "Project420.Retail.POS.BLL", "src\Modules\Retail\POS\Project420.Retail.POS.BLL\Project420.Retail.POS.BLL.csproj", "{E6DC3394-6C62-4CCC-88FD-6F2F46D08EAC}"
EndProject
Project("{FAE04EC0-301F-11D3-BF4B-00C04F79EFBC}") = "Project420.Retail.POS.UI.Blazor", "src\Modules\Retail\POS\Project420.Retail.POS.UI.Blazor\Project420.Retail.POS.UI.Blazor.csproj", "{A5B0190F-75FA-4124-843E-360D6083C2BA}"
EndProject
Project("{2150E333-8FDC-42A3-9474-1A3956D46DE8}") = "tests", "tests", "{DD6670FA-D663-4253-976C-86146825C6F2}"
EndProject
Project("{FAE04EC0-301F-11D3-BF4B-00C04F79EFBC}") = "Project420.Management.Tests", "tests\Project420.Management.Tests\Project420.Management.Tests.csproj", "{EB28265C-8B26-46A7-8514-687BB728E4FB}"
EndProject
Project("{FAE04EC0-301F-11D3-BF4B-00C04F79EFBC}") = "Project420.Retail.POS.Tests", "tests\Project420.Retail.POS.Tests\Project420.Retail.POS.Tests.csproj", "{8EE003BA-1BBE-4919-88FB-79F338E4DAD0}"
EndProject
Project("{FAE04EC0-301F-11D3-BF4B-00C04F79EFBC}") = "Project420.Shared.UI.Blazor", "src\Shared\Project420.Shared.UI.Blazor\Project420.Shared.UI.Blazor.csproj", "{5D50CF0F-235C-4AD7-90EB-4CE15D7A8999}"
EndProject
Project("{2150E333-8FDC-42A3-9474-1A3956D46DE8}") = "API", "API", "{432AF348-C4E4-10B4-0BFD-1F0D05E91CBD}"
EndProject
Project("{FAE04EC0-301F-11D3-BF4B-00C04F79EFBC}") = "Project420.API.WebApi", "src\API\Project420.API.WebApi\Project420.API.WebApi.csproj", "{83EF78EC-BEF5-4D16-9BFA-7D0C168989D0}"
EndProject
Project("{2150E333-8FDC-42A3-9474-1A3956D46DE8}") = "OnlineOrders", "OnlineOrders", "{7A7DB352-7C5B-3004-8D83-2DD4A3E893BB}"
EndProject
Project("{FAE04EC0-301F-11D3-BF4B-00C04F79EFBC}") = "Project420.OnlineOrders.Models", "src\Modules\OnlineOrders\Project420.OnlineOrders.Models\Project420.OnlineOrders.Models.csproj", "{93D982E9-6FF0-44E4-964F-F92C61BDFF5A}"
EndProject
Project("{FAE04EC0-301F-11D3-BF4B-00C04F79EFBC}") = "Project420.OnlineOrders.DAL", "src\Modules\OnlineOrders\Project420.OnlineOrders.DAL\Project420.OnlineOrders.DAL.csproj", "{137781A6-13CC-4CF6-8BE1-1548581C4A9B}"
EndProject
Project("{FAE04EC0-301F-11D3-BF4B-00C04F79EFBC}") = "Project420.OnlineOrders.BLL", "src\Modules\OnlineOrders\Project420.OnlineOrders.BLL\Project420.OnlineOrders.BLL.csproj", "{3F3EBBB4-5FB4-48E3-B7BA-9F8663742E1E}"
EndProject
Project("{2150E333-8FDC-42A3-9474-1A3956D46DE8}") = "Cultivation", "Cultivation", "{E38F0602-B1DF-12FA-3B9E-FEBE478F9474}"
EndProject
Project("{FAE04EC0-301F-11D3-BF4B-00C04F79EFBC}") = "Project420.Cultivation.Models", "src\Modules\Cultivation\Project420.Cultivation.Models\Project420.Cultivation.Models.csproj", "{101D879E-91B7-4BFB-A9EB-2367042440C9}"
EndProject
Project("{FAE04EC0-301F-11D3-BF4B-00C04F79EFBC}") = "Project420.Cultivation.DAL", "src\Modules\Cultivation\Project420.Cultivation.DAL\Project420.Cultivation.DAL.csproj", "{CA9A064A-30B5-4432-8583-E1BF45D17E23}"
EndProject
Project("{FAE04EC0-301F-11D3-BF4B-00C04F79EFBC}") = "Project420.Cultivation.BLL", "src\Modules\Cultivation\Project420.Cultivation.BLL\Project420.Cultivation.BLL.csproj", "{B2DC7534-61FE-4BFA-A6AC-73E4C5A277EB}"
EndProject
Project("{2150E333-8FDC-42A3-9474-1A3956D46DE8}") = "Production", "Production", "{E5ED66CF-8823-2BF8-39FA-F04FA0E42188}"
EndProject
Project("{FAE04EC0-301F-11D3-BF4B-00C04F79EFBC}") = "Project420.Production.Models", "src\Modules\Production\Project420.Production.Models\Project420.Production.Models.csproj", "{9284139F-0CCA-44C5-BA65-180F68DB2446}"
EndProject
Project("{FAE04EC0-301F-11D3-BF4B-00C04F79EFBC}") = "Project420.Production.DAL", "src\Modules\Production\Project420.Production.DAL\Project420.Production.DAL.csproj", "{9BC77F56-81AB-493D-B1B7-F8DAF6CF1927}"
EndProject
Project("{FAE04EC0-301F-11D3-BF4B-00C04F79EFBC}") = "Project420.Production.BLL", "src\Modules\Production\Project420.Production.BLL\Project420.Production.BLL.csproj", "{379D5895-D1BD-45D8-A735-E6E5724C9990}"
EndProject
Project("{2150E333-8FDC-42A3-9474-1A3956D46DE8}") = "Inventory", "Inventory", "{DC8944CB-A54B-1276-034C-56CF6E7B4886}"
EndProject
Project("{FAE04EC0-301F-11D3-BF4B-00C04F79EFBC}") = "Project420.Inventory.Models", "src\Modules\Inventory\Project420.Inventory.Models\Project420.Inventory.Models.csproj", "{68C04E03-9055-49E4-86CF-F3012E251555}"
EndProject
Project("{FAE04EC0-301F-11D3-BF4B-00C04F79EFBC}") = "Project420.Inventory.DAL", "src\Modules\Inventory\Project420.Inventory.DAL\Project420.Inventory.DAL.csproj", "{778E7859-4C78-49AF-B606-3F45FCC5D665}"
EndProject
Project("{FAE04EC0-301F-11D3-BF4B-00C04F79EFBC}") = "Project420.Inventory.BLL", "src\Modules\Inventory\Project420.Inventory.BLL\Project420.Inventory.BLL.csproj", "{B0CECBA8-A4C9-4C72-97BD-76BAA51369E6}"
EndProject
Global
	GlobalSection(SolutionConfigurationPlatforms) = preSolution
		Debug|Any CPU = Debug|Any CPU
		Debug|x64 = Debug|x64
		Debug|x86 = Debug|x86
		Release|Any CPU = Release|Any CPU
		Release|x64 = Release|x64
		Release|x86 = Release|x86
	EndGlobalSection
	GlobalSection(ProjectConfigurationPlatforms) = postSolution
		{B9D7F4B3-7847-4E4E-B561-D8B54821405B}.Debug|Any CPU.ActiveCfg = Debug|Any CPU
		{B9D7F4B3-7847-4E4E-B561-D8B54821405B}.Debug|Any CPU.Build.0 = Debug|Any CPU
		{B9D7F4B3-7847-4E4E-B561-D8B54821405B}.Debug|x64.ActiveCfg = Debug|Any CPU
		{B9D7F4B3-7847-4E4E-B561-D8B54821405B}.Debug|x64.Build.0 = Debug|Any CPU
		{B9D7F4B3-7847-4E4E-B561-D8B54821405B}.Debug|x86.ActiveCfg = Debug|Any CPU
		{B9D7F4B3-7847-4E4E-B561-D8B54821405B}.Debug|x86.Build.0 = Debug|Any CPU
		{B9D7F4B3-7847-4E4E-B561-D8B54821405B}.Release|Any CPU.ActiveCfg = Release|Any CPU
		{B9D7F4B3-7847-4E4E-B561-D8B54821405B}.Release|Any CPU.Build.0 = Release|Any CPU
		{B9D7F4B3-7847-4E4E-B561-D8B54821405B}.Release|x64.ActiveCfg = Release|Any CPU
		{B9D7F4B3-7847-4E4E-B561-D8B54821405B}.Release|x64.Build.0 = Release|Any CPU
		{B9D7F4B3-7847-4E4E-B561-D8B54821405B}.Release|x86.ActiveCfg = Release|Any CPU
		{B9D7F4B3-7847-4E4E-B561-D8B54821405B}.Release|x86.Build.0 = Release|Any CPU
		{FBEE1E8E-1865-4AE7-84D9-8CC2AF8E663B}.Debug|Any CPU.ActiveCfg = Debug|Any CPU
		{FBEE1E8E-1865-4AE7-84D9-8CC2AF8E663B}.Debug|Any CPU.Build.0 = Debug|Any CPU
		{FBEE1E8E-1865-4AE7-84D9-8CC2AF8E663B}.Debug|x64.ActiveCfg = Debug|Any CPU
		{FBEE1E8E-1865-4AE7-84D9-8CC2AF8E663B}.Debug|x64.Build.0 = Debug|Any CPU
		{FBEE1E8E-1865-4AE7-84D9-8CC2AF8E663B}.Debug|x86.ActiveCfg = Debug|Any CPU
		{FBEE1E8E-1865-4AE7-84D9-8CC2AF8E663B}.Debug|x86.Build.0 = Debug|Any CPU
		{FBEE1E8E-1865-4AE7-84D9-8CC2AF8E663B}.Release|Any CPU.ActiveCfg = Release|Any CPU
		{FBEE1E8E-1865-4AE7-84D9-8CC2AF8E663B}.Release|Any CPU.Build.0 = Release|Any CPU
		{FBEE1E8E-1865-4AE7-84D9-8CC2AF8E663B}.Release|x64.ActiveCfg = Release|Any CPU
		{FBEE1E8E-1865-4AE7-84D9-8CC2AF8E663B}.Release|x64.Build.0 = Release|Any CPU
		{FBEE1E8E-1865-4AE7-84D9-8CC2AF8E663B}.Release|x86.ActiveCfg = Release|Any CPU
		{FBEE1E8E-1865-4AE7-84D9-8CC2AF8E663B}.Release|x86.Build.0 = Release|Any CPU
		{F8411529-0503-4DC8-BF43-1922DA64F070}.Debug|Any CPU.ActiveCfg = Debug|Any CPU
		{F8411529-0503-4DC8-BF43-1922DA64F070}.Debug|Any CPU.Build.0 = Debug|Any CPU
		{F8411529-0503-4DC8-BF43-1922DA64F070}.Debug|x64.ActiveCfg = Debug|Any CPU
		{F8411529-0503-4DC8-BF43-1922DA64F070}.Debug|x64.Build.0 = Debug|Any CPU
		{F8411529-0503-4DC8-BF43-1922DA64F070}.Debug|x86.ActiveCfg = Debug|Any CPU
		{F8411529-0503-4DC8-BF43-1922DA64F070}.Debug|x86.Build.0 = Debug|Any CPU
		{F8411529-0503-4DC8-BF43-1922DA64F070}.Release|Any CPU.ActiveCfg = Release|Any CPU
		{F8411529-0503-4DC8-BF43-1922DA64F070}.Release|Any CPU.Build.0 = Release|Any CPU
		{F8411529-0503-4DC8-BF43-1922DA64F070}.Release|x64.ActiveCfg = Release|Any CPU
		{F8411529-0503-4DC8-BF43-1922DA64F070}.Release|x64.Build.0 = Release|Any CPU
		{F8411529-0503-4DC8-BF43-1922DA64F070}.Release|x86.ActiveCfg = Release|Any CPU
		{F8411529-0503-4DC8-BF43-1922DA64F070}.Release|x86.Build.0 = Release|Any CPU
		{5A4295F3-CB12-4FD6-AD0B-28AE3003C810}.Debug|Any CPU.ActiveCfg = Debug|Any CPU
		{5A4295F3-CB12-4FD6-AD0B-28AE3003C810}.Debug|Any CPU.Build.0 = Debug|Any CPU
		{5A4295F3-CB12-4FD6-AD0B-28AE3003C810}.Debug|x64.ActiveCfg = Debug|Any CPU
		{5A4295F3-CB12-4FD6-AD0B-28AE3003C810}.Debug|x64.Build.0 = Debug|Any CPU
		{5A4295F3-CB12-4FD6-AD0B-28AE3003C810}.Debug|x86.ActiveCfg = Debug|Any CPU
		{5A4295F3-CB12-4FD6-AD0B-28AE3003C810}.Debug|x86.Build.0 = Debug|Any CPU
		{5A4295F3-CB12-4FD6-AD0B-28AE3003C810}.Release|Any CPU.ActiveCfg = Release|Any CPU
		{5A4295F3-CB12-4FD6-AD0B-28AE3003C810}.Release|Any CPU.Build.0 = Release|Any CPU
		{5A4295F3-CB12-4FD6-AD0B-28AE3003C810}.Release|x64.ActiveCfg = Release|Any CPU
		{5A4295F3-CB12-4FD6-AD0B-28AE3003C810}.Release|x64.Build.0 = Release|Any CPU
		{5A4295F3-CB12-4FD6-AD0B-28AE3003C810}.Release|x86.ActiveCfg = Release|Any CPU
		{5A4295F3-CB12-4FD6-AD0B-28AE3003C810}.Release|x86.Build.0 = Release|Any CPU
		{38882B21-F8C4-4871-B126-A9F9BD362FD8}.Debug|Any CPU.ActiveCfg = Debug|Any CPU
		{38882B21-F8C4-4871-B126-A9F9BD362FD8}.Debug|Any CPU.Build.0 = Debug|Any CPU
		{38882B21-F8C4-4871-B126-A9F9BD362FD8}.Debug|x64.ActiveCfg = Debug|Any CPU
		{38882B21-F8C4-4871-B126-A9F9BD362FD8}.Debug|x64.Build.0 = Debug|Any CPU
		{38882B21-F8C4-4871-B126-A9F9BD362FD8}.Debug|x86.ActiveCfg = Debug|Any CPU
		{38882B21-F8C4-4871-B126-A9F9BD362FD8}.Debug|x86.Build.0 = Debug|Any CPU
		{38882B21-F8C4-4871-B126-A9F9BD362FD8}.Release|Any CPU.ActiveCfg = Release|Any CPU
		{38882B21-F8C4-4871-B126-A9F9BD362FD8}.Release|Any CPU.Build.0 = Release|Any CPU
		{38882B21-F8C4-4871-B126-A9F9BD362FD8}.Release|x64.ActiveCfg = Release|Any CPU
		{38882B21-F8C4-4871-B126-A9F9BD362FD8}.Release|x64.Build.0 = Release|Any CPU
		{38882B21-F8C4-4871-B126-A9F9BD362FD8}.Release|x86.ActiveCfg = Release|Any CPU
		{38882B21-F8C4-4871-B126-A9F9BD362FD8}.Release|x86.Build.0 = Release|Any CPU
		{E10DC6C0-735C-49DF-932F-9662AC7DA984}.Debug|Any CPU.ActiveCfg = Debug|Any CPU
		{E10DC6C0-735C-49DF-932F-9662AC7DA984}.Debug|Any CPU.Build.0 = Debug|Any CPU
		{E10DC6C0-735C-49DF-932F-9662AC7DA984}.Debug|x64.ActiveCfg = Debug|Any CPU
		{E10DC6C0-735C-49DF-932F-9662AC7DA984}.Debug|x64.Build.0 = Debug|Any CPU
		{E10DC6C0-735C-49DF-932F-9662AC7DA984}.Debug|x86.ActiveCfg = Debug|Any CPU
		{E10DC6C0-735C-49DF-932F-9662AC7DA984}.Debug|x86.Build.0 = Debug|Any CPU
		{E10DC6C0-735C-49DF-932F-9662AC7DA984}.Release|Any CPU.ActiveCfg = Release|Any CPU
		{E10DC6C0-735C-49DF-932F-9662AC7DA984}.Release|Any CPU.Build.0 = Release|Any CPU
		{E10DC6C0-735C-49DF-932F-9662AC7DA984}.Release|x64.ActiveCfg = Release|Any CPU
		{E10DC6C0-735C-49DF-932F-9662AC7DA984}.Release|x64.Build.0 = Release|Any CPU
		{E10DC6C0-735C-49DF-932F-9662AC7DA984}.Release|x86.ActiveCfg = Release|Any CPU
		{E10DC6C0-735C-49DF-932F-9662AC7DA984}.Release|x86.Build.0 = Release|Any CPU
		{60963E2B-4AF8-420E-BA54-282B7F9EA4F1}.Debug|Any CPU.ActiveCfg = Debug|Any CPU
		{60963E2B-4AF8-420E-BA54-282B7F9EA4F1}.Debug|Any CPU.Build.0 = Debug|Any CPU
		{60963E2B-4AF8-420E-BA54-282B7F9EA4F1}.Debug|x64.ActiveCfg = Debug|Any CPU
		{60963E2B-4AF8-420E-BA54-282B7F9EA4F1}.Debug|x64.Build.0 = Debug|Any CPU
		{60963E2B-4AF8-420E-BA54-282B7F9EA4F1}.Debug|x86.ActiveCfg = Debug|Any CPU
		{60963E2B-4AF8-420E-BA54-282B7F9EA4F1}.Debug|x86.Build.0 = Debug|Any CPU
		{60963E2B-4AF8-420E-BA54-282B7F9EA4F1}.Release|Any CPU.ActiveCfg = Release|Any CPU
		{60963E2B-4AF8-420E-BA54-282B7F9EA4F1}.Release|Any CPU.Build.0 = Release|Any CPU
		{60963E2B-4AF8-420E-BA54-282B7F9EA4F1}.Release|x64.ActiveCfg = Release|Any CPU
		{60963E2B-4AF8-420E-BA54-282B7F9EA4F1}.Release|x64.Build.0 = Release|Any CPU
		{60963E2B-4AF8-420E-BA54-282B7F9EA4F1}.Release|x86.ActiveCfg = Release|Any CPU
		{60963E2B-4AF8-420E-BA54-282B7F9EA4F1}.Release|x86.Build.0 = Release|Any CPU
		{33F17256-2D2D-4EC7-B448-5FC7C7B55926}.Debug|Any CPU.ActiveCfg = Debug|Any CPU
		{33F17256-2D2D-4EC7-B448-5FC7C7B55926}.Debug|Any CPU.Build.0 = Debug|Any CPU
		{33F17256-2D2D-4EC7-B448-5FC7C7B55926}.Debug|x64.ActiveCfg = Debug|Any CPU
		{33F17256-2D2D-4EC7-B448-5FC7C7B55926}.Debug|x64.Build.0 = Debug|Any CPU
		{33F17256-2D2D-4EC7-B448-5FC7C7B55926}.Debug|x86.ActiveCfg = Debug|Any CPU
		{33F17256-2D2D-4EC7-B448-5FC7C7B55926}.Debug|x86.Build.0 = Debug|Any CPU
		{33F17256-2D2D-4EC7-B448-5FC7C7B55926}.Release|Any CPU.ActiveCfg = Release|Any CPU
		{33F17256-2D2D-4EC7-B448-5FC7C7B55926}.Release|Any CPU.Build.0 = Release|Any CPU
		{33F17256-2D2D-4EC7-B448-5FC7C7B55926}.Release|x64.ActiveCfg = Release|Any CPU
		{33F17256-2D2D-4EC7-B448-5FC7C7B55926}.Release|x64.Build.0 = Release|Any CPU
		{33F17256-2D2D-4EC7-B448-5FC7C7B55926}.Release|x86.ActiveCfg = Release|Any CPU
		{33F17256-2D2D-4EC7-B448-5FC7C7B55926}.Release|x86.Build.0 = Release|Any CPU
		{6DA6A6B5-8F71-40AC-93F0-BFD6C1E4F655}.Debug|Any CPU.ActiveCfg = Debug|Any CPU
		{6DA6A6B5-8F71-40AC-93F0-BFD6C1E4F655}.Debug|Any CPU.Build.0 = Debug|Any CPU
		{6DA6A6B5-8F71-40AC-93F0-BFD6C1E4F655}.Debug|x64.ActiveCfg = Debug|Any CPU
		{6DA6A6B5-8F71-40AC-93F0-BFD6C1E4F655}.Debug|x64.Build.0 = Debug|Any CPU
		{6DA6A6B5-8F71-40AC-93F0-BFD6C1E4F655}.Debug|x86.ActiveCfg = Debug|Any CPU
		{6DA6A6B5-8F71-40AC-93F0-BFD6C1E4F655}.Debug|x86.Build.0 = Debug|Any CPU
		{6DA6A6B5-8F71-40AC-93F0-BFD6C1E4F655}.Release|Any CPU.ActiveCfg = Release|Any CPU
		{6DA6A6B5-8F71-40AC-93F0-BFD6C1E4F655}.Release|Any CPU.Build.0 = Release|Any CPU
		{6DA6A6B5-8F71-40AC-93F0-BFD6C1E4F655}.Release|x64.ActiveCfg = Release|Any CPU
		{6DA6A6B5-8F71-40AC-93F0-BFD6C1E4F655}.Release|x64.Build.0 = Release|Any CPU
		{6DA6A6B5-8F71-40AC-93F0-BFD6C1E4F655}.Release|x86.ActiveCfg = Release|Any CPU
		{6DA6A6B5-8F71-40AC-93F0-BFD6C1E4F655}.Release|x86.Build.0 = Release|Any CPU
		{E6DC3394-6C62-4CCC-88FD-6F2F46D08EAC}.Debug|Any CPU.ActiveCfg = Debug|Any CPU
		{E6DC3394-6C62-4CCC-88FD-6F2F46D08EAC}.Debug|Any CPU.Build.0 = Debug|Any CPU
		{E6DC3394-6C62-4CCC-88FD-6F2F46D08EAC}.Debug|x64.ActiveCfg = Debug|Any CPU
		{E6DC3394-6C62-4CCC-88FD-6F2F46D08EAC}.Debug|x64.Build.0 = Debug|Any CPU
		{E6DC3394-6C62-4CCC-88FD-6F2F46D08EAC}.Debug|x86.ActiveCfg = Debug|Any CPU
		{E6DC3394-6C62-4CCC-88FD-6F2F46D08EAC}.Debug|x86.Build.0 = Debug|Any CPU
		{E6DC3394-6C62-4CCC-88FD-6F2F46D08EAC}.Release|Any CPU.ActiveCfg = Release|Any CPU
		{E6DC3394-6C62-4CCC-88FD-6F2F46D08EAC}.Release|Any CPU.Build.0 = Release|Any CPU
		{E6DC3394-6C62-4CCC-88FD-6F2F46D08EAC}.Release|x64.ActiveCfg = Release|Any CPU
		{E6DC3394-6C62-4CCC-88FD-6F2F46D08EAC}.Release|x64.Build.0 = Release|Any CPU
		{E6DC3394-6C62-4CCC-88FD-6F2F46D08EAC}.Release|x86.ActiveCfg = Release|Any CPU
		{E6DC3394-6C62-4CCC-88FD-6F2F46D08EAC}.Release|x86.Build.0 = Release|Any CPU
		{A5B0190F-75FA-4124-843E-360D6083C2BA}.Debug|Any CPU.ActiveCfg = Debug|Any CPU
		{A5B0190F-75FA-4124-843E-360D6083C2BA}.Debug|Any CPU.Build.0 = Debug|Any CPU
		{A5B0190F-75FA-4124-843E-360D6083C2BA}.Debug|x64.ActiveCfg = Debug|Any CPU
		{A5B0190F-75FA-4124-843E-360D6083C2BA}.Debug|x64.Build.0 = Debug|Any CPU
		{A5B0190F-75FA-4124-843E-360D6083C2BA}.Debug|x86.ActiveCfg = Debug|Any CPU
		{A5B0190F-75FA-4124-843E-360D6083C2BA}.Debug|x86.Build.0 = Debug|Any CPU
		{A5B0190F-75FA-4124-843E-360D6083C2BA}.Release|Any CPU.ActiveCfg = Release|Any CPU
		{A5B0190F-75FA-4124-843E-360D6083C2BA}.Release|Any CPU.Build.0 = Release|Any CPU
		{A5B0190F-75FA-4124-843E-360D6083C2BA}.Release|x64.ActiveCfg = Release|Any CPU
		{A5B0190F-75FA-4124-843E-360D6083C2BA}.Release|x64.Build.0 = Release|Any CPU
		{A5B0190F-75FA-4124-843E-360D6083C2BA}.Release|x86.ActiveCfg = Release|Any CPU
		{A5B0190F-75FA-4124-843E-360D6083C2BA}.Release|x86.Build.0 = Release|Any CPU
		{EB28265C-8B26-46A7-8514-687BB728E4FB}.Debug|Any CPU.ActiveCfg = Debug|Any CPU
		{EB28265C-8B26-46A7-8514-687BB728E4FB}.Debug|Any CPU.Build.0 = Debug|Any CPU
		{EB28265C-8B26-46A7-8514-687BB728E4FB}.Debug|x64.ActiveCfg = Debug|Any CPU
		{EB28265C-8B26-46A7-8514-687BB728E4FB}.Debug|x64.Build.0 = Debug|Any CPU
		{EB28265C-8B26-46A7-8514-687BB728E4FB}.Debug|x86.ActiveCfg = Debug|Any CPU
		{EB28265C-8B26-46A7-8514-687BB728E4FB}.Debug|x86.Build.0 = Debug|Any CPU
		{EB28265C-8B26-46A7-8514-687BB728E4FB}.Release|Any CPU.ActiveCfg = Release|Any CPU
		{EB28265C-8B26-46A7-8514-687BB728E4FB}.Release|Any CPU.Build.0 = Release|Any CPU
		{EB28265C-8B26-46A7-8514-687BB728E4FB}.Release|x64.ActiveCfg = Release|Any CPU
		{EB28265C-8B26-46A7-8514-687BB728E4FB}.Release|x64.Build.0 = Release|Any CPU
		{EB28265C-8B26-46A7-8514-687BB728E4FB}.Release|x86.ActiveCfg = Release|Any CPU
		{EB28265C-8B26-46A7-8514-687BB728E4FB}.Release|x86.Build.0 = Release|Any CPU
		{8EE003BA-1BBE-4919-88FB-79F338E4DAD0}.Debug|Any CPU.ActiveCfg = Debug|Any CPU
		{8EE003BA-1BBE-4919-88FB-79F338E4DAD0}.Debug|Any CPU.Build.0 = Debug|Any CPU
		{8EE003BA-1BBE-4919-88FB-79F338E4DAD0}.Debug|x64.ActiveCfg = Debug|Any CPU
		{8EE003BA-1BBE-4919-88FB-79F338E4DAD0}.Debug|x64.Build.0 = Debug|Any CPU
		{8EE003BA-1BBE-4919-88FB-79F338E4DAD0}.Debug|x86.ActiveCfg = Debug|Any CPU
		{8EE003BA-1BBE-4919-88FB-79F338E4DAD0}.Debug|x86.Build.0 = Debug|Any CPU
		{8EE003BA-1BBE-4919-88FB-79F338E4DAD0}.Release|Any CPU.ActiveCfg = Release|Any CPU
		{8EE003BA-1BBE-4919-88FB-79F338E4DAD0}.Release|Any CPU.Build.0 = Release|Any CPU
		{8EE003BA-1BBE-4919-88FB-79F338E4DAD0}.Release|x64.ActiveCfg = Release|Any CPU
		{8EE003BA-1BBE-4919-88FB-79F338E4DAD0}.Release|x64.Build.0 = Release|Any CPU
		{8EE003BA-1BBE-4919-88FB-79F338E4DAD0}.Release|x86.ActiveCfg = Release|Any CPU
		{8EE003BA-1BBE-4919-88FB-79F338E4DAD0}.Release|x86.Build.0 = Release|Any CPU
		{5D50CF0F-235C-4AD7-90EB-4CE15D7A8999}.Debug|Any CPU.ActiveCfg = Debug|Any CPU
		{5D50CF0F-235C-4AD7-90EB-4CE15D7A8999}.Debug|Any CPU.Build.0 = Debug|Any CPU
		{5D50CF0F-235C-4AD7-90EB-4CE15D7A8999}.Debug|x64.ActiveCfg = Debug|Any CPU
		{5D50CF0F-235C-4AD7-90EB-4CE15D7A8999}.Debug|x64.Build.0 = Debug|Any CPU
		{5D50CF0F-235C-4AD7-90EB-4CE15D7A8999}.Debug|x86.ActiveCfg = Debug|Any CPU
		{5D50CF0F-235C-4AD7-90EB-4CE15D7A8999}.Debug|x86.Build.0 = Debug|Any CPU
		{5D50CF0F-235C-4AD7-90EB-4CE15D7A8999}.Release|Any CPU.ActiveCfg = Release|Any CPU
		{5D50CF0F-235C-4AD7-90EB-4CE15D7A8999}.Release|Any CPU.Build.0 = Release|Any CPU
		{5D50CF0F-235C-4AD7-90EB-4CE15D7A8999}.Release|x64.ActiveCfg = Release|Any CPU
		{5D50CF0F-235C-4AD7-90EB-4CE15D7A8999}.Release|x64.Build.0 = Release|Any CPU
		{5D50CF0F-235C-4AD7-90EB-4CE15D7A8999}.Release|x86.ActiveCfg = Release|Any CPU
		{5D50CF0F-235C-4AD7-90EB-4CE15D7A8999}.Release|x86.Build.0 = Release|Any CPU
		{83EF78EC-BEF5-4D16-9BFA-7D0C168989D0}.Debug|Any CPU.ActiveCfg = Debug|Any CPU
		{83EF78EC-BEF5-4D16-9BFA-7D0C168989D0}.Debug|Any CPU.Build.0 = Debug|Any CPU
		{83EF78EC-BEF5-4D16-9BFA-7D0C168989D0}.Debug|x64.ActiveCfg = Debug|Any CPU
		{83EF78EC-BEF5-4D16-9BFA-7D0C168989D0}.Debug|x64.Build.0 = Debug|Any CPU
		{83EF78EC-BEF5-4D16-9BFA-7D0C168989D0}.Debug|x86.ActiveCfg = Debug|Any CPU
		{83EF78EC-BEF5-4D16-9BFA-7D0C168989D0}.Debug|x86.Build.0 = Debug|Any CPU
		{83EF78EC-BEF5-4D16-9BFA-7D0C168989D0}.Release|Any CPU.ActiveCfg = Release|Any CPU
		{83EF78EC-BEF5-4D16-9BFA-7D0C168989D0}.Release|Any CPU.Build.0 = Release|Any CPU
		{83EF78EC-BEF5-4D16-9BFA-7D0C168989D0}.Release|x64.ActiveCfg = Release|Any CPU
		{83EF78EC-BEF5-4D16-9BFA-7D0C168989D0}.Release|x64.Build.0 = Release|Any CPU
		{83EF78EC-BEF5-4D16-9BFA-7D0C168989D0}.Release|x86.ActiveCfg = Release|Any CPU
		{83EF78EC-BEF5-4D16-9BFA-7D0C168989D0}.Release|x86.Build.0 = Release|Any CPU
		{93D982E9-6FF0-44E4-964F-F92C61BDFF5A}.Debug|Any CPU.ActiveCfg = Debug|Any CPU
		{93D982E9-6FF0-44E4-964F-F92C61BDFF5A}.Debug|Any CPU.Build.0 = Debug|Any CPU
		{93D982E9-6FF0-44E4-964F-F92C61BDFF5A}.Debug|x64.ActiveCfg = Debug|Any CPU
		{93D982E9-6FF0-44E4-964F-F92C61BDFF5A}.Debug|x64.Build.0 = Debug|Any CPU
		{93D982E9-6FF0-44E4-964F-F92C61BDFF5A}.Debug|x86.ActiveCfg = Debug|Any CPU
		{93D982E9-6FF0-44E4-964F-F92C61BDFF5A}.Debug|x86.Build.0 = Debug|Any CPU
		{93D982E9-6FF0-44E4-964F-F92C61BDFF5A}.Release|Any CPU.ActiveCfg = Release|Any CPU
		{93D982E9-6FF0-44E4-964F-F92C61BDFF5A}.Release|Any CPU.Build.0 = Release|Any CPU
		{93D982E9-6FF0-44E4-964F-F92C61BDFF5A}.Release|x64.ActiveCfg = Release|Any CPU
		{93D982E9-6FF0-44E4-964F-F92C61BDFF5A}.Release|x64.Build.0 = Release|Any CPU
		{93D982E9-6FF0-44E4-964F-F92C61BDFF5A}.Release|x86.ActiveCfg = Release|Any CPU
		{93D982E9-6FF0-44E4-964F-F92C61BDFF5A}.Release|x86.Build.0 = Release|Any CPU
		{137781A6-13CC-4CF6-8BE1-1548581C4A9B}.Debug|Any CPU.ActiveCfg = Debug|Any CPU
		{137781A6-13CC-4CF6-8BE1-1548581C4A9B}.Debug|Any CPU.Build.0 = Debug|Any CPU
		{137781A6-13CC-4CF6-8BE1-1548581C4A9B}.Debug|x64.ActiveCfg = Debug|Any CPU
		{137781A6-13CC-4CF6-8BE1-1548581C4A9B}.Debug|x64.Build.0 = Debug|Any CPU
		{137781A6-13CC-4CF6-8BE1-1548581C4A9B}.Debug|x86.ActiveCfg = Debug|Any CPU
		{137781A6-13CC-4CF6-8BE1-1548581C4A9B}.Debug|x86.Build.0 = Debug|Any CPU
		{137781A6-13CC-4CF6-8BE1-1548581C4A9B}.Release|Any CPU.ActiveCfg = Release|Any CPU
		{137781A6-13CC-4CF6-8BE1-1548581C4A9B}.Release|Any CPU.Build.0 = Release|Any CPU
		{137781A6-13CC-4CF6-8BE1-1548581C4A9B}.Release|x64.ActiveCfg = Release|Any CPU
		{137781A6-13CC-4CF6-8BE1-1548581C4A9B}.Release|x64.Build.0 = Release|Any CPU
		{137781A6-13CC-4CF6-8BE1-1548581C4A9B}.Release|x86.ActiveCfg = Release|Any CPU
		{137781A6-13CC-4CF6-8BE1-1548581C4A9B}.Release|x86.Build.0 = Release|Any CPU
		{3F3EBBB4-5FB4-48E3-B7BA-9F8663742E1E}.Debug|Any CPU.ActiveCfg = Debug|Any CPU
		{3F3EBBB4-5FB4-48E3-B7BA-9F8663742E1E}.Debug|Any CPU.Build.0 = Debug|Any CPU
		{3F3EBBB4-5FB4-48E3-B7BA-9F8663742E1E}.Debug|x64.ActiveCfg = Debug|Any CPU
		{3F3EBBB4-5FB4-48E3-B7BA-9F8663742E1E}.Debug|x64.Build.0 = Debug|Any CPU
		{3F3EBBB4-5FB4-48E3-B7BA-9F8663742E1E}.Debug|x86.ActiveCfg = Debug|Any CPU
		{3F3EBBB4-5FB4-48E3-B7BA-9F8663742E1E}.Debug|x86.Build.0 = Debug|Any CPU
		{3F3EBBB4-5FB4-48E3-B7BA-9F8663742E1E}.Release|Any CPU.ActiveCfg = Release|Any CPU
		{3F3EBBB4-5FB4-48E3-B7BA-9F8663742E1E}.Release|Any CPU.Build.0 = Release|Any CPU
		{3F3EBBB4-5FB4-48E3-B7BA-9F8663742E1E}.Release|x64.ActiveCfg = Release|Any CPU
		{3F3EBBB4-5FB4-48E3-B7BA-9F8663742E1E}.Release|x64.Build.0 = Release|Any CPU
		{3F3EBBB4-5FB4-48E3-B7BA-9F8663742E1E}.Release|x86.ActiveCfg = Release|Any CPU
		{3F3EBBB4-5FB4-48E3-B7BA-9F8663742E1E}.Release|x86.Build.0 = Release|Any CPU
		{101D879E-91B7-4BFB-A9EB-2367042440C9}.Debug|Any CPU.ActiveCfg = Debug|Any CPU
		{101D879E-91B7-4BFB-A9EB-2367042440C9}.Debug|Any CPU.Build.0 = Debug|Any CPU
		{101D879E-91B7-4BFB-A9EB-2367042440C9}.Debug|x64.ActiveCfg = Debug|Any CPU
		{101D879E-91B7-4BFB-A9EB-2367042440C9}.Debug|x64.Build.0 = Debug|Any CPU
		{101D879E-91B7-4BFB-A9EB-2367042440C9}.Debug|x86.ActiveCfg = Debug|Any CPU
		{101D879E-91B7-4BFB-A9EB-2367042440C9}.Debug|x86.Build.0 = Debug|Any CPU
		{101D879E-91B7-4BFB-A9EB-2367042440C9}.Release|Any CPU.ActiveCfg = Release|Any CPU
		{101D879E-91B7-4BFB-A9EB-2367042440C9}.Release|Any CPU.Build.0 = Release|Any CPU
		{101D879E-91B7-4BFB-A9EB-2367042440C9}.Release|x64.ActiveCfg = Release|Any CPU
		{101D879E-91B7-4BFB-A9EB-2367042440C9}.Release|x64.Build.0 = Release|Any CPU
		{101D879E-91B7-4BFB-A9EB-2367042440C9}.Release|x86.ActiveCfg = Release|Any CPU
		{101D879E-91B7-4BFB-A9EB-2367042440C9}.Release|x86.Build.0 = Release|Any CPU
		{CA9A064A-30B5-4432-8583-E1BF45D17E23}.Debug|Any CPU.ActiveCfg = Debug|Any CPU
		{CA9A064A-30B5-4432-8583-E1BF45D17E23}.Debug|Any CPU.Build.0 = Debug|Any CPU
		{CA9A064A-30B5-4432-8583-E1BF45D17E23}.Debug|x64.ActiveCfg = Debug|Any CPU
		{CA9A064A-30B5-4432-8583-E1BF45D17E23}.Debug|x64.Build.0 = Debug|Any CPU
		{CA9A064A-30B5-4432-8583-E1BF45D17E23}.Debug|x86.ActiveCfg = Debug|Any CPU
		{CA9A064A-30B5-4432-8583-E1BF45D17E23}.Debug|x86.Build.0 = Debug|Any CPU
		{CA9A064A-30B5-4432-8583-E1BF45D17E23}.Release|Any CPU.ActiveCfg = Release|Any CPU
		{CA9A064A-30B5-4432-8583-E1BF45D17E23}.Release|Any CPU.Build.0 = Release|Any CPU
		{CA9A064A-30B5-4432-8583-E1BF45D17E23}.Release|x64.ActiveCfg = Release|Any CPU
		{CA9A064A-30B5-4432-8583-E1BF45D17E23}.Release|x64.Build.0 = Release|Any CPU
		{CA9A064A-30B5-4432-8583-E1BF45D17E23}.Release|x86.ActiveCfg = Release|Any CPU
		{CA9A064A-30B5-4432-8583-E1BF45D17E23}.Release|x86.Build.0 = Release|Any CPU
		{B2DC7534-61FE-4BFA-A6AC-73E4C5A277EB}.Debug|Any CPU.ActiveCfg = Debug|Any CPU
		{B2DC7534-61FE-4BFA-A6AC-73E4C5A277EB}.Debug|Any CPU.Build.0 = Debug|Any CPU
		{B2DC7534-61FE-4BFA-A6AC-73E4C5A277EB}.Debug|x64.ActiveCfg = Debug|Any CPU
		{B2DC7534-61FE-4BFA-A6AC-73E4C5A277EB}.Debug|x64.Build.0 = Debug|Any CPU
		{B2DC7534-61FE-4BFA-A6AC-73E4C5A277EB}.Debug|x86.ActiveCfg = Debug|Any CPU
		{B2DC7534-61FE-4BFA-A6AC-73E4C5A277EB}.Debug|x86.Build.0 = Debug|Any CPU
		{B2DC7534-61FE-4BFA-A6AC-73E4C5A277EB}.Release|Any CPU.ActiveCfg = Release|Any CPU
		{B2DC7534-61FE-4BFA-A6AC-73E4C5A277EB}.Release|Any CPU.Build.0 = Release|Any CPU
		{B2DC7534-61FE-4BFA-A6AC-73E4C5A277EB}.Release|x64.ActiveCfg = Release|Any CPU
		{B2DC7534-61FE-4BFA-A6AC-73E4C5A277EB}.Release|x64.Build.0 = Release|Any CPU
		{B2DC7534-61FE-4BFA-A6AC-73E4C5A277EB}.Release|x86.ActiveCfg = Release|Any CPU
		{B2DC7534-61FE-4BFA-A6AC-73E4C5A277EB}.Release|x86.Build.0 = Release|Any CPU
		{9284139F-0CCA-44C5-BA65-180F68DB2446}.Debug|Any CPU.ActiveCfg = Debug|Any CPU
		{9284139F-0CCA-44C5-BA65-180F68DB2446}.Debug|Any CPU.Build.0 = Debug|Any CPU
		{9284139F-0CCA-44C5-BA65-180F68DB2446}.Debug|x64.ActiveCfg = Debug|Any CPU
		{9284139F-0CCA-44C5-BA65-180F68DB2446}.Debug|x64.Build.0 = Debug|Any CPU
		{9284139F-0CCA-44C5-BA65-180F68DB2446}.Debug|x86.ActiveCfg = Debug|Any CPU
		{9284139F-0CCA-44C5-BA65-180F68DB2446}.Debug|x86.Build.0 = Debug|Any CPU
		{9284139F-0CCA-44C5-BA65-180F68DB2446}.Release|Any CPU.ActiveCfg = Release|Any CPU
		{9284139F-0CCA-44C5-BA65-180F68DB2446}.Release|Any CPU.Build.0 = Release|Any CPU
		{9284139F-0CCA-44C5-BA65-180F68DB2446}.Release|x64.ActiveCfg = Release|Any CPU
		{9284139F-0CCA-44C5-BA65-180F68DB2446}.Release|x64.Build.0 = Release|Any CPU
		{9284139F-0CCA-44C5-BA65-180F68DB2446}.Release|x86.ActiveCfg = Release|Any CPU
		{9284139F-0CCA-44C5-BA65-180F68DB2446}.Release|x86.Build.0 = Release|Any CPU
		{9BC77F56-81AB-493D-B1B7-F8DAF6CF1927}.Debug|Any CPU.ActiveCfg = Debug|Any CPU
		{9BC77F56-81AB-493D-B1B7-F8DAF6CF1927}.Debug|Any CPU.Build.0 = Debug|Any CPU
		{9BC77F56-81AB-493D-B1B7-F8DAF6CF1927}.Debug|x64.ActiveCfg = Debug|Any CPU
		{9BC77F56-81AB-493D-B1B7-F8DAF6CF1927}.Debug|x64.Build.0 = Debug|Any CPU
		{9BC77F56-81AB-493D-B1B7-F8DAF6CF1927}.Debug|x86.ActiveCfg = Debug|Any CPU
		{9BC77F56-81AB-493D-B1B7-F8DAF6CF1927}.Debug|x86.Build.0 = Debug|Any CPU
		{9BC77F56-81AB-493D-B1B7-F8DAF6CF1927}.Release|Any CPU.ActiveCfg = Release|Any CPU
		{9BC77F56-81AB-493D-B1B7-F8DAF6CF1927}.Release|Any CPU.Build.0 = Release|Any CPU
		{9BC77F56-81AB-493D-B1B7-F8DAF6CF1927}.Release|x64.ActiveCfg = Release|Any CPU
		{9BC77F56-81AB-493D-B1B7-F8DAF6CF1927}.Release|x64.Build.0 = Release|Any CPU
		{9BC77F56-81AB-493D-B1B7-F8DAF6CF1927}.Release|x86.ActiveCfg = Release|Any CPU
		{9BC77F56-81AB-493D-B1B7-F8DAF6CF1927}.Release|x86.Build.0 = Release|Any CPU
		{379D5895-D1BD-45D8-A735-E6E5724C9990}.Debug|Any CPU.ActiveCfg = Debug|Any CPU
		{379D5895-D1BD-45D8-A735-E6E5724C9990}.Debug|Any CPU.Build.0 = Debug|Any CPU
		{379D5895-D1BD-45D8-A735-E6E5724C9990}.Debug|x64.ActiveCfg = Debug|Any CPU
		{379D5895-D1BD-45D8-A735-E6E5724C9990}.Debug|x64.Build.0 = Debug|Any CPU
		{379D5895-D1BD-45D8-A735-E6E5724C9990}.Debug|x86.ActiveCfg = Debug|Any CPU
		{379D5895-D1BD-45D8-A735-E6E5724C9990}.Debug|x86.Build.0 = Debug|Any CPU
		{379D5895-D1BD-45D8-A735-E6E5724C9990}.Release|Any CPU.ActiveCfg = Release|Any CPU
		{379D5895-D1BD-45D8-A735-E6E5724C9990}.Release|Any CPU.Build.0 = Release|Any CPU
		{379D5895-D1BD-45D8-A735-E6E5724C9990}.Release|x64.ActiveCfg = Release|Any CPU
		{379D5895-D1BD-45D8-A735-E6E5724C9990}.Release|x64.Build.0 = Release|Any CPU
		{379D5895-D1BD-45D8-A735-E6E5724C9990}.Release|x86.ActiveCfg = Release|Any CPU
		{379D5895-D1BD-45D8-A735-E6E5724C9990}.Release|x86.Build.0 = Release|Any CPU
		{68C04E03-9055-49E4-86CF-F3012E251555}.Debug|Any CPU.ActiveCfg = Debug|Any CPU
		{68C04E03-9055-49E4-86CF-F3012E251555}.Debug|Any CPU.Build.0 = Debug|Any CPU
		{68C04E03-9055-49E4-86CF-F3012E251555}.Debug|x64.ActiveCfg = Debug|Any CPU
		{68C04E03-9055-49E4-86CF-F3012E251555}.Debug|x64.Build.0 = Debug|Any CPU
		{68C04E03-9055-49E4-86CF-F3012E251555}.Debug|x86.ActiveCfg = Debug|Any CPU
		{68C04E03-9055-49E4-86CF-F3012E251555}.Debug|x86.Build.0 = Debug|Any CPU
		{68C04E03-9055-49E4-86CF-F3012E251555}.Release|Any CPU.ActiveCfg = Release|Any CPU
		{68C04E03-9055-49E4-86CF-F3012E251555}.Release|Any CPU.Build.0 = Release|Any CPU
		{68C04E03-9055-49E4-86CF-F3012E251555}.Release|x64.ActiveCfg = Release|Any CPU
		{68C04E03-9055-49E4-86CF-F3012E251555}.Release|x64.Build.0 = Release|Any CPU
		{68C04E03-9055-49E4-86CF-F3012E251555}.Release|x86.ActiveCfg = Release|Any CPU
		{68C04E03-9055-49E4-86CF-F3012E251555}.Release|x86.Build.0 = Release|Any CPU
		{778E7859-4C78-49AF-B606-3F45FCC5D665}.Debug|Any CPU.ActiveCfg = Debug|Any CPU
		{778E7859-4C78-49AF-B606-3F45FCC5D665}.Debug|Any CPU.Build.0 = Debug|Any CPU
		{778E7859-4C78-49AF-B606-3F45FCC5D665}.Debug|x64.ActiveCfg = Debug|Any CPU
		{778E7859-4C78-49AF-B606-3F45FCC5D665}.Debug|x64.Build.0 = Debug|Any CPU
		{778E7859-4C78-49AF-B606-3F45FCC5D665}.Debug|x86.ActiveCfg = Debug|Any CPU
		{778E7859-4C78-49AF-B606-3F45FCC5D665}.Debug|x86.Build.0 = Debug|Any CPU
		{778E7859-4C78-49AF-B606-3F45FCC5D665}.Release|Any CPU.ActiveCfg = Release|Any CPU
		{778E7859-4C78-49AF-B606-3F45FCC5D665}.Release|Any CPU.Build.0 = Release|Any CPU
		{778E7859-4C78-49AF-B606-3F45FCC5D665}.Release|x64.ActiveCfg = Release|Any CPU
		{778E7859-4C78-49AF-B606-3F45FCC5D665}.Release|x64.Build.0 = Release|Any CPU
		{778E7859-4C78-49AF-B606-3F45FCC5D665}.Release|x86.ActiveCfg = Release|Any CPU
		{778E7859-4C78-49AF-B606-3F45FCC5D665}.Release|x86.Build.0 = Release|Any CPU
		{B0CECBA8-A4C9-4C72-97BD-76BAA51369E6}.Debug|Any CPU.ActiveCfg = Debug|Any CPU
		{B0CECBA8-A4C9-4C72-97BD-76BAA51369E6}.Debug|Any CPU.Build.0 = Debug|Any CPU
		{B0CECBA8-A4C9-4C72-97BD-76BAA51369E6}.Debug|x64.ActiveCfg = Debug|Any CPU
		{B0CECBA8-A4C9-4C72-97BD-76BAA51369E6}.Debug|x64.Build.0 = Debug|Any CPU
		{B0CECBA8-A4C9-4C72-97BD-76BAA51369E6}.Debug|x86.ActiveCfg = Debug|Any CPU
		{B0CECBA8-A4C9-4C72-97BD-76BAA51369E6}.Debug|x86.Build.0 = Debug|Any CPU
		{B0CECBA8-A4C9-4C72-97BD-76BAA51369E6}.Release|Any CPU.ActiveCfg = Release|Any CPU
		{B0CECBA8-A4C9-4C72-97BD-76BAA51369E6}.Release|Any CPU.Build.0 = Release|Any CPU
		{B0CECBA8-A4C9-4C72-97BD-76BAA51369E6}.Release|x64.ActiveCfg = Release|Any CPU
		{B0CECBA8-A4C9-4C72-97BD-76BAA51369E6}.Release|x64.Build.0 = Release|Any CPU
		{B0CECBA8-A4C9-4C72-97BD-76BAA51369E6}.Release|x86.ActiveCfg = Release|Any CPU
		{B0CECBA8-A4C9-4C72-97BD-76BAA51369E6}.Release|x86.Build.0 = Release|Any CPU
	EndGlobalSection
	GlobalSection(SolutionProperties) = preSolution
		HideSolutionNode = FALSE
	EndGlobalSection
	GlobalSection(NestedProjects) = preSolution
		{390DE606-ED72-4A7F-A3D4-9FA92BCAE9D4} = {34E4A23A-01A8-473F-95EB-262B7852ADF9}
		{B9D7F4B3-7847-4E4E-B561-D8B54821405B} = {390DE606-ED72-4A7F-A3D4-9FA92BCAE9D4}
		{FBEE1E8E-1865-4AE7-84D9-8CC2AF8E663B} = {390DE606-ED72-4A7F-A3D4-9FA92BCAE9D4}
		{F8411529-0503-4DC8-BF43-1922DA64F070} = {390DE606-ED72-4A7F-A3D4-9FA92BCAE9D4}
		{D7869DFD-773E-4E84-8377-DDF7E5B4DD04} = {34E4A23A-01A8-473F-95EB-262B7852ADF9}
		{E9C90868-928F-4B9A-9CEF-6FBFB5A98D04} = {D7869DFD-773E-4E84-8377-DDF7E5B4DD04}
		{5A4295F3-CB12-4FD6-AD0B-28AE3003C810} = {E9C90868-928F-4B9A-9CEF-6FBFB5A98D04}
		{38882B21-F8C4-4871-B126-A9F9BD362FD8} = {E9C90868-928F-4B9A-9CEF-6FBFB5A98D04}
		{E10DC6C0-735C-49DF-932F-9662AC7DA984} = {E9C90868-928F-4B9A-9CEF-6FBFB5A98D04}
		{60963E2B-4AF8-420E-BA54-282B7F9EA4F1} = {E9C90868-928F-4B9A-9CEF-6FBFB5A98D04}
		{015252E4-214E-4573-BE15-0BDB618E61ED} = {D7869DFD-773E-4E84-8377-DDF7E5B4DD04}
		{8DB46098-0C9A-46F1-8240-12429F63A1B5} = {015252E4-214E-4573-BE15-0BDB618E61ED}
		{33F17256-2D2D-4EC7-B448-5FC7C7B55926} = {8DB46098-0C9A-46F1-8240-12429F63A1B5}
		{6DA6A6B5-8F71-40AC-93F0-BFD6C1E4F655} = {8DB46098-0C9A-46F1-8240-12429F63A1B5}
		{E6DC3394-6C62-4CCC-88FD-6F2F46D08EAC} = {8DB46098-0C9A-46F1-8240-12429F63A1B5}
		{A5B0190F-75FA-4124-843E-360D6083C2BA} = {8DB46098-0C9A-46F1-8240-12429F63A1B5}
		{EB28265C-8B26-46A7-8514-687BB728E4FB} = {DD6670FA-D663-4253-976C-86146825C6F2}
		{8EE003BA-1BBE-4919-88FB-79F338E4DAD0} = {DD6670FA-D663-4253-976C-86146825C6F2}
		{5D50CF0F-235C-4AD7-90EB-4CE15D7A8999} = {390DE606-ED72-4A7F-A3D4-9FA92BCAE9D4}
		{432AF348-C4E4-10B4-0BFD-1F0D05E91CBD} = {34E4A23A-01A8-473F-95EB-262B7852ADF9}
		{83EF78EC-BEF5-4D16-9BFA-7D0C168989D0} = {432AF348-C4E4-10B4-0BFD-1F0D05E91CBD}
		{7A7DB352-7C5B-3004-8D83-2DD4A3E893BB} = {D7869DFD-773E-4E84-8377-DDF7E5B4DD04}
		{93D982E9-6FF0-44E4-964F-F92C61BDFF5A} = {7A7DB352-7C5B-3004-8D83-2DD4A3E893BB}
		{137781A6-13CC-4CF6-8BE1-1548581C4A9B} = {7A7DB352-7C5B-3004-8D83-2DD4A3E893BB}
		{3F3EBBB4-5FB4-48E3-B7BA-9F8663742E1E} = {7A7DB352-7C5B-3004-8D83-2DD4A3E893BB}
		{E38F0602-B1DF-12FA-3B9E-FEBE478F9474} = {D7869DFD-773E-4E84-8377-DDF7E5B4DD04}
		{101D879E-91B7-4BFB-A9EB-2367042440C9} = {E38F0602-B1DF-12FA-3B9E-FEBE478F9474}
		{CA9A064A-30B5-4432-8583-E1BF45D17E23} = {E38F0602-B1DF-12FA-3B9E-FEBE478F9474}
		{B2DC7534-61FE-4BFA-A6AC-73E4C5A277EB} = {E38F0602-B1DF-12FA-3B9E-FEBE478F9474}
		{E5ED66CF-8823-2BF8-39FA-F04FA0E42188} = {D7869DFD-773E-4E84-8377-DDF7E5B4DD04}
		{9284139F-0CCA-44C5-BA65-180F68DB2446} = {E5ED66CF-8823-2BF8-39FA-F04FA0E42188}
		{9BC77F56-81AB-493D-B1B7-F8DAF6CF1927} = {E5ED66CF-8823-2BF8-39FA-F04FA0E42188}
		{379D5895-D1BD-45D8-A735-E6E5724C9990} = {E5ED66CF-8823-2BF8-39FA-F04FA0E42188}
		{DC8944CB-A54B-1276-034C-56CF6E7B4886} = {D7869DFD-773E-4E84-8377-DDF7E5B4DD04}
		{68C04E03-9055-49E4-86CF-F3012E251555} = {DC8944CB-A54B-1276-034C-56CF6E7B4886}
		{778E7859-4C78-49AF-B606-3F45FCC5D665} = {DC8944CB-A54B-1276-034C-56CF6E7B4886}
		{B0CECBA8-A4C9-4C72-97BD-76BAA51369E6} = {DC8944CB-A54B-1276-034C-56CF6E7B4886}
	EndGlobalSection
EndGlobal
